
Microsoft Visual Studio Solution File, Format Version 12.00
# Visual Studio 15
VisualStudioVersion = 15.0.26403.7
MinimumVisualStudioVersion = 10.0.40219.1
Project("{FAE04EC0-301F-11D3-BF4B-00C04F79EFBC}") = "ShipmentWinFormApp", "ShipmentWinFormApp\ShipmentWinFormApp.csproj", "{6F275D60-AFD3-4BC2-B050-62C705B58963}"
EndProject
Project("{FAE04EC0-301F-11D3-BF4B-00C04F79EFBC}") = "DataModel", "DataModel\DataModel.csproj", "{69684E24-84F7-46BC-BC88-2031D4791A7F}"
EndProject
Global
	GlobalSection(SolutionConfigurationPlatforms) = preSolution
		Debug|Any CPU = Debug|Any CPU
		Release|Any CPU = Release|Any CPU
	EndGlobalSection
	GlobalSection(ProjectConfigurationPlatforms) = postSolution
		{6F275D60-AFD3-4BC2-B050-62C705B58963}.Debug|Any CPU.ActiveCfg = Debug|Any CPU
		{6F275D60-AFD3-4BC2-B050-62C705B58963}.Debug|Any CPU.Build.0 = Debug|Any CPU
		{6F275D60-AFD3-4BC2-B050-62C705B58963}.Release|Any CPU.ActiveCfg = Release|Any CPU
		{6F275D60-AFD3-4BC2-B050-62C705B58963}.Release|Any CPU.Build.0 = Release|Any CPU
		{69684E24-84F7-46BC-BC88-2031D4791A7F}.Debug|Any CPU.ActiveCfg = Debug|Any CPU
		{69684E24-84F7-46BC-BC88-2031D4791A7F}.Debug|Any CPU.Build.0 = Debug|Any CPU
		{69684E24-84F7-46BC-BC88-2031D4791A7F}.Release|Any CPU.ActiveCfg = Release|Any CPU
		{69684E24-84F7-46BC-BC88-2031D4791A7F}.Release|Any CPU.Build.0 = Release|Any CPU
	EndGlobalSection
	GlobalSection(SolutionProperties) = preSolution
		HideSolutionNode = FALSE
	EndGlobalSection
EndGlobal
